
Microsoft Visual Studio Solution File, Format Version 12.00
# Visual Studio Version 17
VisualStudioVersion = 17.11.35219.272
MinimumVisualStudioVersion = 10.0.40219.1
Project("{888888A0-9F3D-457C-B088-3A5042F75D52}") = "Convert Infix to Postfix", "Convert Infix to Postfix\Convert Infix to Postfix.pyproj", "{0CACB817-634D-4619-9BAC-05901A5618C5}"
EndProject
Global
	GlobalSection(SolutionConfigurationPlatforms) = preSolution
		Debug|Any CPU = Debug|Any CPU
		Release|Any CPU = Release|Any CPU
	EndGlobalSection
	GlobalSection(ProjectConfigurationPlatforms) = postSolution
		{0CACB817-634D-4619-9BAC-05901A5618C5}.Debug|Any CPU.ActiveCfg = Debug|Any CPU
		{0CACB817-634D-4619-9BAC-05901A5618C5}.Release|Any CPU.ActiveCfg = Release|Any CPU
	EndGlobalSection
	GlobalSection(SolutionProperties) = preSolution
		HideSolutionNode = FALSE
	EndGlobalSection
	GlobalSection(ExtensibilityGlobals) = postSolution
		SolutionGuid = {E266ABC8-BD40-4801-8118-0EDB065CE719}
	EndGlobalSection
EndGlobal
